
Microsoft Visual Studio Solution File, Format Version 12.00
# Visual Studio Version 17
VisualStudioVersion = 17.5.33502.453
MinimumVisualStudioVersion = 10.0.40219.1
Project("{FAE04EC0-301F-11D3-BF4B-00C04F79EFBC}") = "Rileysoft.FileFormats.CNF", "Rileysoft.FileFormats.CNF\Rileysoft.FileFormats.CNF.csproj", "{33792DC4-08EA-46F2-82F2-A804CF5E11B3}"
EndProject
Global
	GlobalSection(SolutionConfigurationPlatforms) = preSolution
		Debug|Any CPU = Debug|Any CPU
		Release|Any CPU = Release|Any CPU
	EndGlobalSection
	GlobalSection(ProjectConfigurationPlatforms) = postSolution
		{33792DC4-08EA-46F2-82F2-A804CF5E11B3}.Debug|Any CPU.ActiveCfg = Debug|Any CPU
		{33792DC4-08EA-46F2-82F2-A804CF5E11B3}.Debug|Any CPU.Build.0 = Debug|Any CPU
		{33792DC4-08EA-46F2-82F2-A804CF5E11B3}.Release|Any CPU.ActiveCfg = Release|Any CPU
		{33792DC4-08EA-46F2-82F2-A804CF5E11B3}.Release|Any CPU.Build.0 = Release|Any CPU
	EndGlobalSection
	GlobalSection(SolutionProperties) = preSolution
		HideSolutionNode = FALSE
	EndGlobalSection
	GlobalSection(ExtensibilityGlobals) = postSolution
		SolutionGuid = {5093B186-E457-466F-AA0C-AE7C297D6423}
	EndGlobalSection
EndGlobal
